
Microsoft Visual Studio Solution File, Format Version 12.00
# Visual Studio Version 16
VisualStudioVersion = 16.0.32630.194
MinimumVisualStudioVersion = 10.0.40219.1
Project("{FAE04EC0-301F-11D3-BF4B-00C04F79EFBC}") = "AcikKaynakYazilimGelistirmeProje", "AcikKaynakYazilimGelistirmeProje\AcikKaynakYazilimGelistirmeProje.csproj", "{4CF14811-A32C-425A-93F6-D0EACB7658AF}"
EndProject
Global
	GlobalSection(SolutionConfigurationPlatforms) = preSolution
		Debug|Any CPU = Debug|Any CPU
		Release|Any CPU = Release|Any CPU
	EndGlobalSection
	GlobalSection(ProjectConfigurationPlatforms) = postSolution
		{4CF14811-A32C-425A-93F6-D0EACB7658AF}.Debug|Any CPU.ActiveCfg = Debug|Any CPU
		{4CF14811-A32C-425A-93F6-D0EACB7658AF}.Debug|Any CPU.Build.0 = Debug|Any CPU
		{4CF14811-A32C-425A-93F6-D0EACB7658AF}.Release|Any CPU.ActiveCfg = Release|Any CPU
		{4CF14811-A32C-425A-93F6-D0EACB7658AF}.Release|Any CPU.Build.0 = Release|Any CPU
	EndGlobalSection
	GlobalSection(SolutionProperties) = preSolution
		HideSolutionNode = FALSE
	EndGlobalSection
	GlobalSection(ExtensibilityGlobals) = postSolution
		SolutionGuid = {F1E1EDA2-4E18-46F1-8E71-8FF8914A803C}
	EndGlobalSection
EndGlobal
